
Microsoft Visual Studio Solution File, Format Version 12.00
# Visual Studio Version 16
VisualStudioVersion = 16.0.30711.63
MinimumVisualStudioVersion = 10.0.40219.1
Project("{9A19103F-16F7-4668-BE54-9A1E7A4F7556}") = "GraphApp.Core", "GraphApp.Core\GraphApp.Core.csproj", "{73FA17F7-05D0-42A2-A0AC-080445AA4BE7}"
EndProject
Project("{FAE04EC0-301F-11D3-BF4B-00C04F79EFBC}") = "GraphApp.Infrastructure", "GraphApp.Infrastructure\GraphApp.Infrastructure.csproj", "{5F7090C4-EA09-4AAF-8CD6-F9EB28CF238F}"
EndProject
Project("{FAE04EC0-301F-11D3-BF4B-00C04F79EFBC}") = "GraphApp.SharedKernel", "GraphApp.SharedKernel\GraphApp.SharedKernel.csproj", "{E111AF45-CBDC-411D-9270-559DC3DE30D0}"
EndProject
Project("{FAE04EC0-301F-11D3-BF4B-00C04F79EFBC}") = "GraphApp.Web", "GraphApp.Web\GraphApp.Web.csproj", "{BEBF721A-27D2-4B84-BA3D-8700541430BB}"
EndProject
Global
	GlobalSection(SolutionConfigurationPlatforms) = preSolution
		Debug|Any CPU = Debug|Any CPU
		Release|Any CPU = Release|Any CPU
	EndGlobalSection
	GlobalSection(ProjectConfigurationPlatforms) = postSolution
		{73FA17F7-05D0-42A2-A0AC-080445AA4BE7}.Debug|Any CPU.ActiveCfg = Debug|Any CPU
		{73FA17F7-05D0-42A2-A0AC-080445AA4BE7}.Debug|Any CPU.Build.0 = Debug|Any CPU
		{73FA17F7-05D0-42A2-A0AC-080445AA4BE7}.Release|Any CPU.ActiveCfg = Release|Any CPU
		{73FA17F7-05D0-42A2-A0AC-080445AA4BE7}.Release|Any CPU.Build.0 = Release|Any CPU
		{5F7090C4-EA09-4AAF-8CD6-F9EB28CF238F}.Debug|Any CPU.ActiveCfg = Debug|Any CPU
		{5F7090C4-EA09-4AAF-8CD6-F9EB28CF238F}.Debug|Any CPU.Build.0 = Debug|Any CPU
		{5F7090C4-EA09-4AAF-8CD6-F9EB28CF238F}.Release|Any CPU.ActiveCfg = Release|Any CPU
		{5F7090C4-EA09-4AAF-8CD6-F9EB28CF238F}.Release|Any CPU.Build.0 = Release|Any CPU
		{E111AF45-CBDC-411D-9270-559DC3DE30D0}.Debug|Any CPU.ActiveCfg = Debug|Any CPU
		{E111AF45-CBDC-411D-9270-559DC3DE30D0}.Debug|Any CPU.Build.0 = Debug|Any CPU
		{E111AF45-CBDC-411D-9270-559DC3DE30D0}.Release|Any CPU.ActiveCfg = Release|Any CPU
		{E111AF45-CBDC-411D-9270-559DC3DE30D0}.Release|Any CPU.Build.0 = Release|Any CPU
		{BEBF721A-27D2-4B84-BA3D-8700541430BB}.Debug|Any CPU.ActiveCfg = Debug|Any CPU
		{BEBF721A-27D2-4B84-BA3D-8700541430BB}.Debug|Any CPU.Build.0 = Debug|Any CPU
		{BEBF721A-27D2-4B84-BA3D-8700541430BB}.Release|Any CPU.ActiveCfg = Release|Any CPU
		{BEBF721A-27D2-4B84-BA3D-8700541430BB}.Release|Any CPU.Build.0 = Release|Any CPU
	EndGlobalSection
	GlobalSection(SolutionProperties) = preSolution
		HideSolutionNode = FALSE
	EndGlobalSection
	GlobalSection(ExtensibilityGlobals) = postSolution
		SolutionGuid = {71A52671-EA63-47F8-8228-5F74DB8E6859}
	EndGlobalSection
EndGlobal
